
Microsoft Visual Studio Solution File, Format Version 10.00
# Visual Studio 2008
Project("{FAE04EC0-301F-11D3-BF4B-00C04F79EFBC}") = "JSONWebServiceTest", "JSONWebServiceTest\JSONWebServiceTest.csproj", "{A788DF82-A822-46A6-BE3F-4B8800A06397}"
EndProject
Global
	GlobalSection(SolutionConfigurationPlatforms) = preSolution
		Debug|Any CPU = Debug|Any CPU
		Release|Any CPU = Release|Any CPU
	EndGlobalSection
	GlobalSection(ProjectConfigurationPlatforms) = postSolution
		{A788DF82-A822-46A6-BE3F-4B8800A06397}.Debug|Any CPU.ActiveCfg = Debug|Any CPU
		{A788DF82-A822-46A6-BE3F-4B8800A06397}.Debug|Any CPU.Build.0 = Debug|Any CPU
		{A788DF82-A822-46A6-BE3F-4B8800A06397}.Release|Any CPU.ActiveCfg = Release|Any CPU
		{A788DF82-A822-46A6-BE3F-4B8800A06397}.Release|Any CPU.Build.0 = Release|Any CPU
	EndGlobalSection
	GlobalSection(SolutionProperties) = preSolution
		HideSolutionNode = FALSE
	EndGlobalSection
EndGlobal
