
Microsoft Visual Studio Solution File, Format Version 11.00
# Visual Studio 2010
Project("{FAE04EC0-301F-11D3-BF4B-00C04F79EFBC}") = "DataAccess", "DataAccess\DataAccess.csproj", "{38E1E272-AB38-4542-BA75-56972ED0F673}"
EndProject
Project("{E24C65DC-7377-472B-9ABA-BC803B73C61A}") = "Websiteusingdbaccess", "..\Websiteusingdbaccess\", "{9E966646-8EC4-40C8-BC43-19E54B34EEEA}"
	ProjectSection(WebsiteProperties) = preProject
		TargetFrameworkMoniker = ".NETFramework,Version%3Dv2.0"
		ProjectReferences = "{38E1E272-AB38-4542-BA75-56972ED0F673}|DataAccess.dll;"
		Debug.AspNetCompiler.VirtualPath = "/Websiteusingdbaccess"
		Debug.AspNetCompiler.PhysicalPath = "..\Websiteusingdbaccess\"
		Debug.AspNetCompiler.TargetPath = "PrecompiledWeb\Websiteusingdbaccess\"
		Debug.AspNetCompiler.Updateable = "true"
		Debug.AspNetCompiler.ForceOverwrite = "true"
		Debug.AspNetCompiler.FixedNames = "false"
		Debug.AspNetCompiler.Debug = "True"
		Release.AspNetCompiler.VirtualPath = "/Websiteusingdbaccess"
		Release.AspNetCompiler.PhysicalPath = "..\Websiteusingdbaccess\"
		Release.AspNetCompiler.TargetPath = "PrecompiledWeb\Websiteusingdbaccess\"
		Release.AspNetCompiler.Updateable = "true"
		Release.AspNetCompiler.ForceOverwrite = "true"
		Release.AspNetCompiler.FixedNames = "false"
		Release.AspNetCompiler.Debug = "False"
		VWDPort = "50895"
		DefaultWebSiteLanguage = "Visual C#"
	EndProjectSection
EndProject
Global
	GlobalSection(SolutionConfigurationPlatforms) = preSolution
		Debug|Any CPU = Debug|Any CPU
		Release|Any CPU = Release|Any CPU
	EndGlobalSection
	GlobalSection(ProjectConfigurationPlatforms) = postSolution
		{38E1E272-AB38-4542-BA75-56972ED0F673}.Debug|Any CPU.ActiveCfg = Debug|Any CPU
		{38E1E272-AB38-4542-BA75-56972ED0F673}.Debug|Any CPU.Build.0 = Debug|Any CPU
		{38E1E272-AB38-4542-BA75-56972ED0F673}.Release|Any CPU.ActiveCfg = Release|Any CPU
		{38E1E272-AB38-4542-BA75-56972ED0F673}.Release|Any CPU.Build.0 = Release|Any CPU
		{9E966646-8EC4-40C8-BC43-19E54B34EEEA}.Debug|Any CPU.ActiveCfg = Debug|Any CPU
		{9E966646-8EC4-40C8-BC43-19E54B34EEEA}.Debug|Any CPU.Build.0 = Debug|Any CPU
		{9E966646-8EC4-40C8-BC43-19E54B34EEEA}.Release|Any CPU.ActiveCfg = Debug|Any CPU
		{9E966646-8EC4-40C8-BC43-19E54B34EEEA}.Release|Any CPU.Build.0 = Debug|Any CPU
	EndGlobalSection
	GlobalSection(SolutionProperties) = preSolution
		HideSolutionNode = FALSE
	EndGlobalSection
EndGlobal
